# This file is automatically @generated by Cargo.
# It is not intended for manual editing.
version = 3

[[package]]
name = "anyhow"
version = "1.0.72"
source = "registry+https://github.com/rust-lang/crates.io-index"
checksum = "3b13c32d80ecc7ab747b80c3784bce54ee8a7a0cc4fbda9bf4cda2cf6fe90854"

[[package]]
name = "cc"
version = "1.0.81"
source = "registry+https://github.com/rust-lang/crates.io-index"
checksum = "6c6b2562119bf28c3439f7f02db99faf0aa1a8cdfe5772a2ee155d32227239f0"
dependencies = [
 "libc",
]

[[package]]
name = "cfg-if"
version = "1.0.0"
source = "registry+https://github.com/rust-lang/crates.io-index"
checksum = "baf1de4339761588bc0619e3cbc0120ee582ebb74b53b4efbf79117bd2da40fd"

[[package]]
name = "libc"
version = "0.2.147"
source = "registry+https://github.com/rust-lang/crates.io-index"
checksum = "b4668fb0ea861c1df094127ac5f1da3409a82116a4ba74fca2e58ef927159bb3"

[[package]]
name = "lz4"
version = "1.24.0"
source = "registry+https://github.com/rust-lang/crates.io-index"
checksum = "7e9e2dd86df36ce760a60f6ff6ad526f7ba1f14ba0356f8254fb6905e6494df1"
dependencies = [
 "libc",
 "lz4-sys",
]

[[package]]
name = "lz4-sys"
version = "1.9.4"
source = "registry+https://github.com/rust-lang/crates.io-index"
checksum = "57d27b317e207b10f69f5e75494119e391a96f48861ae870d1da6edac98ca900"
dependencies = [
 "cc",
 "libc",
]

[[package]]
name = "lz4_flex"
version = "0.11.1"
source = "registry+https://github.com/rust-lang/crates.io-index"
checksum = "3ea9b256699eda7b0387ffbc776dd625e28bde3918446381781245b7a50349d8"
dependencies = [
 "twox-hash",
]

[[package]]
name = "static_assertions"
version = "1.1.0"
source = "registry+https://github.com/rust-lang/crates.io-index"
checksum = "a2eb9349b6444b326872e140eb1cf5e7c522154d69e7a0ffb0fb81c06b37543f"

[[package]]
name = "twox-hash"
version = "1.6.3"
source = "registry+https://github.com/rust-lang/crates.io-index"
checksum = "97fee6b57c6a41524a810daee9286c02d7752c4253064d0b05472833a438f675"
dependencies = [
 "cfg-if",
 "static_assertions",
]

[[package]]
name = "witcher-save"
version = "0.1.0"
dependencies = [
 "anyhow",
 "lz4",
 "lz4_flex",
]
